
Microsoft Visual Studio Solution File, Format Version 12.00
# Visual Studio Version 17
VisualStudioVersion = 17.7.34024.191
MinimumVisualStudioVersion = 10.0.40219.1
Project("{FAE04EC0-301F-11D3-BF4B-00C04F79EFBC}") = "JqueryApiCall", "JqueryApiCall\JqueryApiCall.csproj", "{647D1CEA-1E4E-4E0B-B41F-5FB1831A8B03}"
EndProject
Global
	GlobalSection(SolutionConfigurationPlatforms) = preSolution
		Debug|Any CPU = Debug|Any CPU
		Release|Any CPU = Release|Any CPU
	EndGlobalSection
	GlobalSection(ProjectConfigurationPlatforms) = postSolution
		{647D1CEA-1E4E-4E0B-B41F-5FB1831A8B03}.Debug|Any CPU.ActiveCfg = Debug|Any CPU
		{647D1CEA-1E4E-4E0B-B41F-5FB1831A8B03}.Debug|Any CPU.Build.0 = Debug|Any CPU
		{647D1CEA-1E4E-4E0B-B41F-5FB1831A8B03}.Release|Any CPU.ActiveCfg = Release|Any CPU
		{647D1CEA-1E4E-4E0B-B41F-5FB1831A8B03}.Release|Any CPU.Build.0 = Release|Any CPU
	EndGlobalSection
	GlobalSection(SolutionProperties) = preSolution
		HideSolutionNode = FALSE
	EndGlobalSection
	GlobalSection(ExtensibilityGlobals) = postSolution
		SolutionGuid = {BE9255CF-6DF9-4994-A50B-9A2275BDA594}
	EndGlobalSection
EndGlobal
